
Microsoft Visual Studio Solution File, Format Version 12.00
# Visual Studio Version 17
VisualStudioVersion = 17.8.34511.84
MinimumVisualStudioVersion = 10.0.40219.1
Project("{8BC9CEB8-8B4A-11D0-8D11-00A0C91BC942}") = "PointersRT", "PointersRT\PointersRT.vcxproj", "{2F41F36F-787C-4A90-9B10-0D5B778B9832}"
EndProject
Project("{FAE04EC0-301F-11D3-BF4B-00C04F79EFBC}") = "PointersRT.Managed.Universal", "PointersRT.Managed.Universal\PointersRT.Managed.Universal.csproj", "{F76F6370-3922-431E-A6A5-C2087411F573}"
EndProject
Project("{8BC9CEB8-8B4A-11D0-8D11-00A0C91BC942}") = "PointersRT.Native", "PointersRT.Native\PointersRT.Native.vcxitems", "{FDF5EA0B-0F22-4ECC-81D7-A0356F60CE73}"
EndProject
Project("{8BC9CEB8-8B4A-11D0-8D11-00A0C91BC942}") = "PointersRT.Test.Native.CX", "PointersRT.Test.Native.CX\PointersRT.Test.Native.CX.vcxproj", "{A646AF18-3F36-434A-B045-95A71388ED9D}"
EndProject
Project("{8BC9CEB8-8B4A-11D0-8D11-00A0C91BC942}") = "PointersRT.Test.Native.RT", "PointersRT.Test.Native.RT\PointersRT.Test.Native.RT.vcxproj", "{23D1D40E-7B07-400C-807E-C120C199C006}"
EndProject
Project("{D954291E-2A0B-460D-934E-DC6B0785DB48}") = "PointersRT.Managed.Shared", "PointersRT.Managed.Shared\PointersRT.Managed.Shared.shproj", "{74F727AF-C397-48D8-8C3A-896BCAD04FBC}"
EndProject
Project("{9A19103F-16F7-4668-BE54-9A1E7A4F7556}") = "PointersRT.Managed", "PointersRT.Managed\PointersRT.Managed.csproj", "{E5669770-55B1-4D2C-96C3-606B84E49CE4}"
EndProject
Project("{9A19103F-16F7-4668-BE54-9A1E7A4F7556}") = "PointersRT.Projection", "PointersRT.Projection\PointersRT.Projection.csproj", "{5CA4ABA9-DDE5-4C85-8E0A-62C9EA9EC7AD}"
EndProject
Project("{FAE04EC0-301F-11D3-BF4B-00C04F79EFBC}") = "PointersRT.Test.Managed.Universal", "PointersRT.Test.Managed.Universal\PointersRT.Test.Managed.Universal.csproj", "{B65E1D8F-BCC2-495A-967C-09D14C718356}"
EndProject
Project("{FAE04EC0-301F-11D3-BF4B-00C04F79EFBC}") = "PointersRT.Test.Managed.Core", "PointersRT.Test.Managed.Core\PointersRT.Test.Managed.Core.csproj", "{E15B108C-7BEF-431B-B4FC-10866C55B32A}"
EndProject
Global
	GlobalSection(SolutionConfigurationPlatforms) = preSolution
		Debug|Any CPU = Debug|Any CPU
		Debug|ARM = Debug|ARM
		Debug|ARM64 = Debug|ARM64
		Debug|x64 = Debug|x64
		Debug|x86 = Debug|x86
		Release|Any CPU = Release|Any CPU
		Release|ARM = Release|ARM
		Release|ARM64 = Release|ARM64
		Release|x64 = Release|x64
		Release|x86 = Release|x86
	EndGlobalSection
	GlobalSection(ProjectConfigurationPlatforms) = postSolution
		{2F41F36F-787C-4A90-9B10-0D5B778B9832}.Debug|Any CPU.ActiveCfg = Debug|x64
		{2F41F36F-787C-4A90-9B10-0D5B778B9832}.Debug|Any CPU.Build.0 = Debug|x64
		{2F41F36F-787C-4A90-9B10-0D5B778B9832}.Debug|ARM.ActiveCfg = Debug|ARM
		{2F41F36F-787C-4A90-9B10-0D5B778B9832}.Debug|ARM.Build.0 = Debug|ARM
		{2F41F36F-787C-4A90-9B10-0D5B778B9832}.Debug|ARM64.ActiveCfg = Debug|ARM64
		{2F41F36F-787C-4A90-9B10-0D5B778B9832}.Debug|ARM64.Build.0 = Debug|ARM64
		{2F41F36F-787C-4A90-9B10-0D5B778B9832}.Debug|x64.ActiveCfg = Debug|x64
		{2F41F36F-787C-4A90-9B10-0D5B778B9832}.Debug|x64.Build.0 = Debug|x64
		{2F41F36F-787C-4A90-9B10-0D5B778B9832}.Debug|x86.ActiveCfg = Debug|Win32
		{2F41F36F-787C-4A90-9B10-0D5B778B9832}.Debug|x86.Build.0 = Debug|Win32
		{2F41F36F-787C-4A90-9B10-0D5B778B9832}.Release|Any CPU.ActiveCfg = Release|x64
		{2F41F36F-787C-4A90-9B10-0D5B778B9832}.Release|Any CPU.Build.0 = Release|x64
		{2F41F36F-787C-4A90-9B10-0D5B778B9832}.Release|ARM.ActiveCfg = Release|ARM
		{2F41F36F-787C-4A90-9B10-0D5B778B9832}.Release|ARM.Build.0 = Release|ARM
		{2F41F36F-787C-4A90-9B10-0D5B778B9832}.Release|ARM64.ActiveCfg = Release|ARM64
		{2F41F36F-787C-4A90-9B10-0D5B778B9832}.Release|ARM64.Build.0 = Release|ARM64
		{2F41F36F-787C-4A90-9B10-0D5B778B9832}.Release|x64.ActiveCfg = Release|x64
		{2F41F36F-787C-4A90-9B10-0D5B778B9832}.Release|x64.Build.0 = Release|x64
		{2F41F36F-787C-4A90-9B10-0D5B778B9832}.Release|x86.ActiveCfg = Release|Win32
		{2F41F36F-787C-4A90-9B10-0D5B778B9832}.Release|x86.Build.0 = Release|Win32
		{F76F6370-3922-431E-A6A5-C2087411F573}.Debug|Any CPU.ActiveCfg = Debug|Any CPU
		{F76F6370-3922-431E-A6A5-C2087411F573}.Debug|Any CPU.Build.0 = Debug|Any CPU
		{F76F6370-3922-431E-A6A5-C2087411F573}.Debug|ARM.ActiveCfg = Debug|ARM
		{F76F6370-3922-431E-A6A5-C2087411F573}.Debug|ARM.Build.0 = Debug|ARM
		{F76F6370-3922-431E-A6A5-C2087411F573}.Debug|ARM64.ActiveCfg = Debug|ARM64
		{F76F6370-3922-431E-A6A5-C2087411F573}.Debug|ARM64.Build.0 = Debug|ARM64
		{F76F6370-3922-431E-A6A5-C2087411F573}.Debug|x64.ActiveCfg = Debug|x64
		{F76F6370-3922-431E-A6A5-C2087411F573}.Debug|x64.Build.0 = Debug|x64
		{F76F6370-3922-431E-A6A5-C2087411F573}.Debug|x86.ActiveCfg = Debug|x86
		{F76F6370-3922-431E-A6A5-C2087411F573}.Debug|x86.Build.0 = Debug|x86
		{F76F6370-3922-431E-A6A5-C2087411F573}.Release|Any CPU.ActiveCfg = Release|Any CPU
		{F76F6370-3922-431E-A6A5-C2087411F573}.Release|Any CPU.Build.0 = Release|Any CPU
		{F76F6370-3922-431E-A6A5-C2087411F573}.Release|ARM.ActiveCfg = Release|ARM
		{F76F6370-3922-431E-A6A5-C2087411F573}.Release|ARM.Build.0 = Release|ARM
		{F76F6370-3922-431E-A6A5-C2087411F573}.Release|ARM64.ActiveCfg = Release|ARM64
		{F76F6370-3922-431E-A6A5-C2087411F573}.Release|ARM64.Build.0 = Release|ARM64
		{F76F6370-3922-431E-A6A5-C2087411F573}.Release|x64.ActiveCfg = Release|x64
		{F76F6370-3922-431E-A6A5-C2087411F573}.Release|x64.Build.0 = Release|x64
		{F76F6370-3922-431E-A6A5-C2087411F573}.Release|x86.ActiveCfg = Release|x86
		{F76F6370-3922-431E-A6A5-C2087411F573}.Release|x86.Build.0 = Release|x86
		{A646AF18-3F36-434A-B045-95A71388ED9D}.Debug|Any CPU.ActiveCfg = Debug|x64
		{A646AF18-3F36-434A-B045-95A71388ED9D}.Debug|Any CPU.Build.0 = Debug|x64
		{A646AF18-3F36-434A-B045-95A71388ED9D}.Debug|Any CPU.Deploy.0 = Debug|x64
		{A646AF18-3F36-434A-B045-95A71388ED9D}.Debug|ARM.ActiveCfg = Debug|ARM
		{A646AF18-3F36-434A-B045-95A71388ED9D}.Debug|ARM.Build.0 = Debug|ARM
		{A646AF18-3F36-434A-B045-95A71388ED9D}.Debug|ARM.Deploy.0 = Debug|ARM
		{A646AF18-3F36-434A-B045-95A71388ED9D}.Debug|ARM64.ActiveCfg = Debug|ARM64
		{A646AF18-3F36-434A-B045-95A71388ED9D}.Debug|ARM64.Build.0 = Debug|ARM64
		{A646AF18-3F36-434A-B045-95A71388ED9D}.Debug|ARM64.Deploy.0 = Debug|ARM64
		{A646AF18-3F36-434A-B045-95A71388ED9D}.Debug|x64.ActiveCfg = Debug|x64
		{A646AF18-3F36-434A-B045-95A71388ED9D}.Debug|x64.Build.0 = Debug|x64
		{A646AF18-3F36-434A-B045-95A71388ED9D}.Debug|x64.Deploy.0 = Debug|x64
		{A646AF18-3F36-434A-B045-95A71388ED9D}.Debug|x86.ActiveCfg = Debug|Win32
		{A646AF18-3F36-434A-B045-95A71388ED9D}.Debug|x86.Build.0 = Debug|Win32
		{A646AF18-3F36-434A-B045-95A71388ED9D}.Debug|x86.Deploy.0 = Debug|Win32
		{A646AF18-3F36-434A-B045-95A71388ED9D}.Release|Any CPU.ActiveCfg = Release|x64
		{A646AF18-3F36-434A-B045-95A71388ED9D}.Release|Any CPU.Build.0 = Release|x64
		{A646AF18-3F36-434A-B045-95A71388ED9D}.Release|Any CPU.Deploy.0 = Release|x64
		{A646AF18-3F36-434A-B045-95A71388ED9D}.Release|ARM.ActiveCfg = Release|ARM
		{A646AF18-3F36-434A-B045-95A71388ED9D}.Release|ARM.Build.0 = Release|ARM
		{A646AF18-3F36-434A-B045-95A71388ED9D}.Release|ARM.Deploy.0 = Release|ARM
		{A646AF18-3F36-434A-B045-95A71388ED9D}.Release|ARM64.ActiveCfg = Release|ARM64
		{A646AF18-3F36-434A-B045-95A71388ED9D}.Release|ARM64.Build.0 = Release|ARM64
		{A646AF18-3F36-434A-B045-95A71388ED9D}.Release|ARM64.Deploy.0 = Release|ARM64
		{A646AF18-3F36-434A-B045-95A71388ED9D}.Release|x64.ActiveCfg = Release|x64
		{A646AF18-3F36-434A-B045-95A71388ED9D}.Release|x64.Build.0 = Release|x64
		{A646AF18-3F36-434A-B045-95A71388ED9D}.Release|x64.Deploy.0 = Release|x64
		{A646AF18-3F36-434A-B045-95A71388ED9D}.Release|x86.ActiveCfg = Release|Win32
		{A646AF18-3F36-434A-B045-95A71388ED9D}.Release|x86.Build.0 = Release|Win32
		{A646AF18-3F36-434A-B045-95A71388ED9D}.Release|x86.Deploy.0 = Release|Win32
		{23D1D40E-7B07-400C-807E-C120C199C006}.Debug|Any CPU.ActiveCfg = Debug|x64
		{23D1D40E-7B07-400C-807E-C120C199C006}.Debug|Any CPU.Build.0 = Debug|x64
		{23D1D40E-7B07-400C-807E-C120C199C006}.Debug|Any CPU.Deploy.0 = Debug|x64
		{23D1D40E-7B07-400C-807E-C120C199C006}.Debug|ARM.ActiveCfg = Debug|ARM
		{23D1D40E-7B07-400C-807E-C120C199C006}.Debug|ARM.Build.0 = Debug|ARM
		{23D1D40E-7B07-400C-807E-C120C199C006}.Debug|ARM.Deploy.0 = Debug|ARM
		{23D1D40E-7B07-400C-807E-C120C199C006}.Debug|ARM64.ActiveCfg = Debug|ARM64
		{23D1D40E-7B07-400C-807E-C120C199C006}.Debug|ARM64.Build.0 = Debug|ARM64
		{23D1D40E-7B07-400C-807E-C120C199C006}.Debug|ARM64.Deploy.0 = Debug|ARM64
		{23D1D40E-7B07-400C-807E-C120C199C006}.Debug|x64.ActiveCfg = Debug|x64
		{23D1D40E-7B07-400C-807E-C120C199C006}.Debug|x64.Build.0 = Debug|x64
		{23D1D40E-7B07-400C-807E-C120C199C006}.Debug|x64.Deploy.0 = Debug|x64
		{23D1D40E-7B07-400C-807E-C120C199C006}.Debug|x86.ActiveCfg = Debug|Win32
		{23D1D40E-7B07-400C-807E-C120C199C006}.Debug|x86.Build.0 = Debug|Win32
		{23D1D40E-7B07-400C-807E-C120C199C006}.Debug|x86.Deploy.0 = Debug|Win32
		{23D1D40E-7B07-400C-807E-C120C199C006}.Release|Any CPU.ActiveCfg = Release|x64
		{23D1D40E-7B07-400C-807E-C120C199C006}.Release|Any CPU.Build.0 = Release|x64
		{23D1D40E-7B07-400C-807E-C120C199C006}.Release|Any CPU.Deploy.0 = Release|x64
		{23D1D40E-7B07-400C-807E-C120C199C006}.Release|ARM.ActiveCfg = Release|ARM
		{23D1D40E-7B07-400C-807E-C120C199C006}.Release|ARM.Build.0 = Release|ARM
		{23D1D40E-7B07-400C-807E-C120C199C006}.Release|ARM.Deploy.0 = Release|ARM
		{23D1D40E-7B07-400C-807E-C120C199C006}.Release|ARM64.ActiveCfg = Release|ARM64
		{23D1D40E-7B07-400C-807E-C120C199C006}.Release|ARM64.Build.0 = Release|ARM64
		{23D1D40E-7B07-400C-807E-C120C199C006}.Release|ARM64.Deploy.0 = Release|ARM64
		{23D1D40E-7B07-400C-807E-C120C199C006}.Release|x64.ActiveCfg = Release|x64
		{23D1D40E-7B07-400C-807E-C120C199C006}.Release|x64.Build.0 = Release|x64
		{23D1D40E-7B07-400C-807E-C120C199C006}.Release|x64.Deploy.0 = Release|x64
		{23D1D40E-7B07-400C-807E-C120C199C006}.Release|x86.ActiveCfg = Release|Win32
		{23D1D40E-7B07-400C-807E-C120C199C006}.Release|x86.Build.0 = Release|Win32
		{23D1D40E-7B07-400C-807E-C120C199C006}.Release|x86.Deploy.0 = Release|Win32
		{E5669770-55B1-4D2C-96C3-606B84E49CE4}.Debug|Any CPU.ActiveCfg = Debug|Any CPU
		{E5669770-55B1-4D2C-96C3-606B84E49CE4}.Debug|Any CPU.Build.0 = Debug|Any CPU
		{E5669770-55B1-4D2C-96C3-606B84E49CE4}.Debug|ARM.ActiveCfg = Debug|Any CPU
		{E5669770-55B1-4D2C-96C3-606B84E49CE4}.Debug|ARM.Build.0 = Debug|Any CPU
		{E5669770-55B1-4D2C-96C3-606B84E49CE4}.Debug|ARM64.ActiveCfg = Debug|Any CPU
		{E5669770-55B1-4D2C-96C3-606B84E49CE4}.Debug|ARM64.Build.0 = Debug|Any CPU
		{E5669770-55B1-4D2C-96C3-606B84E49CE4}.Debug|x64.ActiveCfg = Debug|Any CPU
		{E5669770-55B1-4D2C-96C3-606B84E49CE4}.Debug|x64.Build.0 = Debug|Any CPU
		{E5669770-55B1-4D2C-96C3-606B84E49CE4}.Debug|x86.ActiveCfg = Debug|Any CPU
		{E5669770-55B1-4D2C-96C3-606B84E49CE4}.Debug|x86.Build.0 = Debug|Any CPU
		{E5669770-55B1-4D2C-96C3-606B84E49CE4}.Release|Any CPU.ActiveCfg = Release|Any CPU
		{E5669770-55B1-4D2C-96C3-606B84E49CE4}.Release|Any CPU.Build.0 = Release|Any CPU
		{E5669770-55B1-4D2C-96C3-606B84E49CE4}.Release|ARM.ActiveCfg = Release|Any CPU
		{E5669770-55B1-4D2C-96C3-606B84E49CE4}.Release|ARM.Build.0 = Release|Any CPU
		{E5669770-55B1-4D2C-96C3-606B84E49CE4}.Release|ARM64.ActiveCfg = Release|Any CPU
		{E5669770-55B1-4D2C-96C3-606B84E49CE4}.Release|ARM64.Build.0 = Release|Any CPU
		{E5669770-55B1-4D2C-96C3-606B84E49CE4}.Release|x64.ActiveCfg = Release|Any CPU
		{E5669770-55B1-4D2C-96C3-606B84E49CE4}.Release|x64.Build.0 = Release|Any CPU
		{E5669770-55B1-4D2C-96C3-606B84E49CE4}.Release|x86.ActiveCfg = Release|Any CPU
		{E5669770-55B1-4D2C-96C3-606B84E49CE4}.Release|x86.Build.0 = Release|Any CPU
		{5CA4ABA9-DDE5-4C85-8E0A-62C9EA9EC7AD}.Debug|Any CPU.ActiveCfg = Debug|Any CPU
		{5CA4ABA9-DDE5-4C85-8E0A-62C9EA9EC7AD}.Debug|Any CPU.Build.0 = Debug|Any CPU
		{5CA4ABA9-DDE5-4C85-8E0A-62C9EA9EC7AD}.Debug|ARM.ActiveCfg = Debug|Any CPU
		{5CA4ABA9-DDE5-4C85-8E0A-62C9EA9EC7AD}.Debug|ARM.Build.0 = Debug|Any CPU
		{5CA4ABA9-DDE5-4C85-8E0A-62C9EA9EC7AD}.Debug|ARM64.ActiveCfg = Debug|Any CPU
		{5CA4ABA9-DDE5-4C85-8E0A-62C9EA9EC7AD}.Debug|ARM64.Build.0 = Debug|Any CPU
		{5CA4ABA9-DDE5-4C85-8E0A-62C9EA9EC7AD}.Debug|x64.ActiveCfg = Debug|Any CPU
		{5CA4ABA9-DDE5-4C85-8E0A-62C9EA9EC7AD}.Debug|x64.Build.0 = Debug|Any CPU
		{5CA4ABA9-DDE5-4C85-8E0A-62C9EA9EC7AD}.Debug|x86.ActiveCfg = Debug|Any CPU
		{5CA4ABA9-DDE5-4C85-8E0A-62C9EA9EC7AD}.Debug|x86.Build.0 = Debug|Any CPU
		{5CA4ABA9-DDE5-4C85-8E0A-62C9EA9EC7AD}.Release|Any CPU.ActiveCfg = Release|Any CPU
		{5CA4ABA9-DDE5-4C85-8E0A-62C9EA9EC7AD}.Release|Any CPU.Build.0 = Release|Any CPU
		{5CA4ABA9-DDE5-4C85-8E0A-62C9EA9EC7AD}.Release|ARM.ActiveCfg = Release|Any CPU
		{5CA4ABA9-DDE5-4C85-8E0A-62C9EA9EC7AD}.Release|ARM.Build.0 = Release|Any CPU
		{5CA4ABA9-DDE5-4C85-8E0A-62C9EA9EC7AD}.Release|ARM64.ActiveCfg = Release|Any CPU
		{5CA4ABA9-DDE5-4C85-8E0A-62C9EA9EC7AD}.Release|ARM64.Build.0 = Release|Any CPU
		{5CA4ABA9-DDE5-4C85-8E0A-62C9EA9EC7AD}.Release|x64.ActiveCfg = Release|Any CPU
		{5CA4ABA9-DDE5-4C85-8E0A-62C9EA9EC7AD}.Release|x64.Build.0 = Release|Any CPU
		{5CA4ABA9-DDE5-4C85-8E0A-62C9EA9EC7AD}.Release|x86.ActiveCfg = Release|Any CPU
		{5CA4ABA9-DDE5-4C85-8E0A-62C9EA9EC7AD}.Release|x86.Build.0 = Release|Any CPU
		{B65E1D8F-BCC2-495A-967C-09D14C718356}.Debug|Any CPU.ActiveCfg = Debug|x64
		{B65E1D8F-BCC2-495A-967C-09D14C718356}.Debug|Any CPU.Build.0 = Debug|x64
		{B65E1D8F-BCC2-495A-967C-09D14C718356}.Debug|Any CPU.Deploy.0 = Debug|x64
		{B65E1D8F-BCC2-495A-967C-09D14C718356}.Debug|ARM.ActiveCfg = Debug|ARM
		{B65E1D8F-BCC2-495A-967C-09D14C718356}.Debug|ARM.Build.0 = Debug|ARM
		{B65E1D8F-BCC2-495A-967C-09D14C718356}.Debug|ARM.Deploy.0 = Debug|ARM
		{B65E1D8F-BCC2-495A-967C-09D14C718356}.Debug|ARM64.ActiveCfg = Debug|ARM64
		{B65E1D8F-BCC2-495A-967C-09D14C718356}.Debug|ARM64.Build.0 = Debug|ARM64
		{B65E1D8F-BCC2-495A-967C-09D14C718356}.Debug|ARM64.Deploy.0 = Debug|ARM64
		{B65E1D8F-BCC2-495A-967C-09D14C718356}.Debug|x64.ActiveCfg = Debug|x64
		{B65E1D8F-BCC2-495A-967C-09D14C718356}.Debug|x64.Build.0 = Debug|x64
		{B65E1D8F-BCC2-495A-967C-09D14C718356}.Debug|x64.Deploy.0 = Debug|x64
		{B65E1D8F-BCC2-495A-967C-09D14C718356}.Debug|x86.ActiveCfg = Debug|x86
		{B65E1D8F-BCC2-495A-967C-09D14C718356}.Debug|x86.Build.0 = Debug|x86
		{B65E1D8F-BCC2-495A-967C-09D14C718356}.Debug|x86.Deploy.0 = Debug|x86
		{B65E1D8F-BCC2-495A-967C-09D14C718356}.Release|Any CPU.ActiveCfg = Release|x64
		{B65E1D8F-BCC2-495A-967C-09D14C718356}.Release|Any CPU.Build.0 = Release|x64
		{B65E1D8F-BCC2-495A-967C-09D14C718356}.Release|Any CPU.Deploy.0 = Release|x64
		{B65E1D8F-BCC2-495A-967C-09D14C718356}.Release|ARM.ActiveCfg = Release|ARM
		{B65E1D8F-BCC2-495A-967C-09D14C718356}.Release|ARM.Build.0 = Release|ARM
		{B65E1D8F-BCC2-495A-967C-09D14C718356}.Release|ARM.Deploy.0 = Release|ARM
		{B65E1D8F-BCC2-495A-967C-09D14C718356}.Release|ARM64.ActiveCfg = Release|ARM64
		{B65E1D8F-BCC2-495A-967C-09D14C718356}.Release|ARM64.Build.0 = Release|ARM64
		{B65E1D8F-BCC2-495A-967C-09D14C718356}.Release|ARM64.Deploy.0 = Release|ARM64
		{B65E1D8F-BCC2-495A-967C-09D14C718356}.Release|x64.ActiveCfg = Release|x64
		{B65E1D8F-BCC2-495A-967C-09D14C718356}.Release|x64.Build.0 = Release|x64
		{B65E1D8F-BCC2-495A-967C-09D14C718356}.Release|x64.Deploy.0 = Release|x64
		{B65E1D8F-BCC2-495A-967C-09D14C718356}.Release|x86.ActiveCfg = Release|x86
		{B65E1D8F-BCC2-495A-967C-09D14C718356}.Release|x86.Build.0 = Release|x86
		{B65E1D8F-BCC2-495A-967C-09D14C718356}.Release|x86.Deploy.0 = Release|x86
		{E15B108C-7BEF-431B-B4FC-10866C55B32A}.Debug|Any CPU.ActiveCfg = Debug|Any CPU
		{E15B108C-7BEF-431B-B4FC-10866C55B32A}.Debug|Any CPU.Build.0 = Debug|Any CPU
		{E15B108C-7BEF-431B-B4FC-10866C55B32A}.Debug|ARM.ActiveCfg = Debug|Any CPU
		{E15B108C-7BEF-431B-B4FC-10866C55B32A}.Debug|ARM.Build.0 = Debug|Any CPU
		{E15B108C-7BEF-431B-B4FC-10866C55B32A}.Debug|ARM64.ActiveCfg = Debug|Any CPU
		{E15B108C-7BEF-431B-B4FC-10866C55B32A}.Debug|ARM64.Build.0 = Debug|Any CPU
		{E15B108C-7BEF-431B-B4FC-10866C55B32A}.Debug|x64.ActiveCfg = Debug|Any CPU
		{E15B108C-7BEF-431B-B4FC-10866C55B32A}.Debug|x64.Build.0 = Debug|Any CPU
		{E15B108C-7BEF-431B-B4FC-10866C55B32A}.Debug|x86.ActiveCfg = Debug|Any CPU
		{E15B108C-7BEF-431B-B4FC-10866C55B32A}.Debug|x86.Build.0 = Debug|Any CPU
		{E15B108C-7BEF-431B-B4FC-10866C55B32A}.Release|Any CPU.ActiveCfg = Release|Any CPU
		{E15B108C-7BEF-431B-B4FC-10866C55B32A}.Release|Any CPU.Build.0 = Release|Any CPU
		{E15B108C-7BEF-431B-B4FC-10866C55B32A}.Release|ARM.ActiveCfg = Release|Any CPU
		{E15B108C-7BEF-431B-B4FC-10866C55B32A}.Release|ARM.Build.0 = Release|Any CPU
		{E15B108C-7BEF-431B-B4FC-10866C55B32A}.Release|ARM64.ActiveCfg = Release|Any CPU
		{E15B108C-7BEF-431B-B4FC-10866C55B32A}.Release|ARM64.Build.0 = Release|Any CPU
		{E15B108C-7BEF-431B-B4FC-10866C55B32A}.Release|x64.ActiveCfg = Release|Any CPU
		{E15B108C-7BEF-431B-B4FC-10866C55B32A}.Release|x64.Build.0 = Release|Any CPU
		{E15B108C-7BEF-431B-B4FC-10866C55B32A}.Release|x86.ActiveCfg = Release|Any CPU
		{E15B108C-7BEF-431B-B4FC-10866C55B32A}.Release|x86.Build.0 = Release|Any CPU
	EndGlobalSection
	GlobalSection(SolutionProperties) = preSolution
		HideSolutionNode = FALSE
	EndGlobalSection
	GlobalSection(ExtensibilityGlobals) = postSolution
		SolutionGuid = {3CFF63D5-64C4-4200-A865-728580C27DC9}
	EndGlobalSection
	GlobalSection(SharedMSBuildProjectFiles) = preSolution
		PointersRT.Managed.Shared\PointersRT.Managed.Shared.projitems*{74f727af-c397-48d8-8c3a-896bcad04fbc}*SharedItemsImports = 13
		PointersRT.Managed.Shared\PointersRT.Managed.Shared.projitems*{e5669770-55b1-4d2c-96c3-606b84e49ce4}*SharedItemsImports = 5
		PointersRT.Managed.Shared\PointersRT.Managed.Shared.projitems*{f76f6370-3922-431e-a6a5-c2087411f573}*SharedItemsImports = 4
		PointersRT.Native\PointersRT.Native.vcxitems*{fdf5ea0b-0f22-4ecc-81d7-a0356f60ce73}*SharedItemsImports = 9
	EndGlobalSection
EndGlobal
